
Microsoft Visual Studio Solution File, Format Version 12.00
# Visual Studio Version 16
VisualStudioVersion = 16.0.29102.190
MinimumVisualStudioVersion = 10.0.40219.1
Project("{9A19103F-16F7-4668-BE54-9A1E7A4F7556}") = "GABE", "GABE\GABE.csproj", "{F4D58E14-9BDE-46D1-A186-3C0C5036FBF2}"
EndProject
Project("{FAE04EC0-301F-11D3-BF4B-00C04F79EFBC}") = "LookUpTable", "LookUpTable\LookUpTable.csproj", "{00E2B347-50E3-40B7-896B-7B6F23658567}"
EndProject
Global
	GlobalSection(SolutionConfigurationPlatforms) = preSolution
		Debug|Any CPU = Debug|Any CPU
		Release|Any CPU = Release|Any CPU
	EndGlobalSection
	GlobalSection(ProjectConfigurationPlatforms) = postSolution
		{F4D58E14-9BDE-46D1-A186-3C0C5036FBF2}.Debug|Any CPU.ActiveCfg = Debug|Any CPU
		{F4D58E14-9BDE-46D1-A186-3C0C5036FBF2}.Debug|Any CPU.Build.0 = Debug|Any CPU
		{F4D58E14-9BDE-46D1-A186-3C0C5036FBF2}.Release|Any CPU.ActiveCfg = Release|Any CPU
		{F4D58E14-9BDE-46D1-A186-3C0C5036FBF2}.Release|Any CPU.Build.0 = Release|Any CPU
		{00E2B347-50E3-40B7-896B-7B6F23658567}.Debug|Any CPU.ActiveCfg = Debug|Any CPU
		{00E2B347-50E3-40B7-896B-7B6F23658567}.Debug|Any CPU.Build.0 = Debug|Any CPU
		{00E2B347-50E3-40B7-896B-7B6F23658567}.Release|Any CPU.ActiveCfg = Release|Any CPU
		{00E2B347-50E3-40B7-896B-7B6F23658567}.Release|Any CPU.Build.0 = Release|Any CPU
	EndGlobalSection
	GlobalSection(SolutionProperties) = preSolution
		HideSolutionNode = FALSE
	EndGlobalSection
	GlobalSection(ExtensibilityGlobals) = postSolution
		SolutionGuid = {222E2D00-8CC3-4235-AC71-C57647741453}
	EndGlobalSection
EndGlobal
